
Microsoft Visual Studio Solution File, Format Version 12.00
# Visual Studio Version 17
VisualStudioVersion = 17.3.32929.385
MinimumVisualStudioVersion = 10.0.40219.1
Project("{FAE04EC0-301F-11D3-BF4B-00C04F79EFBC}") = "DataAccess", "DataAccess\DataAccess.csproj", "{78A3CC1D-7FAE-4160-95EB-79FE7A9D51EB}"
EndProject
Project("{FAE04EC0-301F-11D3-BF4B-00C04F79EFBC}") = "BusinessObject", "BusinessObject\BusinessObject.csproj", "{6D3FB5D5-92CD-42E7-9CED-233C3D03966A}"
EndProject
Project("{FAE04EC0-301F-11D3-BF4B-00C04F79EFBC}") = "EStore", "EStore\EStore.csproj", "{1E8E55D6-B011-4054-AD51-3079F7CDA228}"
EndProject
Global
	GlobalSection(SolutionConfigurationPlatforms) = preSolution
		Debug|Any CPU = Debug|Any CPU
		Release|Any CPU = Release|Any CPU
	EndGlobalSection
	GlobalSection(ProjectConfigurationPlatforms) = postSolution
		{78A3CC1D-7FAE-4160-95EB-79FE7A9D51EB}.Debug|Any CPU.ActiveCfg = Debug|Any CPU
		{78A3CC1D-7FAE-4160-95EB-79FE7A9D51EB}.Debug|Any CPU.Build.0 = Debug|Any CPU
		{78A3CC1D-7FAE-4160-95EB-79FE7A9D51EB}.Release|Any CPU.ActiveCfg = Release|Any CPU
		{78A3CC1D-7FAE-4160-95EB-79FE7A9D51EB}.Release|Any CPU.Build.0 = Release|Any CPU
		{6D3FB5D5-92CD-42E7-9CED-233C3D03966A}.Debug|Any CPU.ActiveCfg = Debug|Any CPU
		{6D3FB5D5-92CD-42E7-9CED-233C3D03966A}.Debug|Any CPU.Build.0 = Debug|Any CPU
		{6D3FB5D5-92CD-42E7-9CED-233C3D03966A}.Release|Any CPU.ActiveCfg = Release|Any CPU
		{6D3FB5D5-92CD-42E7-9CED-233C3D03966A}.Release|Any CPU.Build.0 = Release|Any CPU
		{1E8E55D6-B011-4054-AD51-3079F7CDA228}.Debug|Any CPU.ActiveCfg = Debug|Any CPU
		{1E8E55D6-B011-4054-AD51-3079F7CDA228}.Debug|Any CPU.Build.0 = Debug|Any CPU
		{1E8E55D6-B011-4054-AD51-3079F7CDA228}.Release|Any CPU.ActiveCfg = Release|Any CPU
		{1E8E55D6-B011-4054-AD51-3079F7CDA228}.Release|Any CPU.Build.0 = Release|Any CPU
	EndGlobalSection
	GlobalSection(SolutionProperties) = preSolution
		HideSolutionNode = FALSE
	EndGlobalSection
	GlobalSection(ExtensibilityGlobals) = postSolution
		SolutionGuid = {90F576C0-C669-4FB9-8259-19EC959B646B}
	EndGlobalSection
EndGlobal
